schema: '2.0'
stages:
  featurize:
    cmd: python src/01-featurize.py
    deps:
    - path: src/01-featurize.py
      md5: a0a2e745c49ba450ec3d0a3a815ff71b
      size: 1480
    params:
      params.yaml:
        featurize:
          index_names:
          - unit_nr
          - time_cycles
          setting_names:
          - setting_1
          - setting_2
          - setting_3
          sensor_names:
          - s_1
          - s_2
          - s_3
          - s_4
          - s_5
          - s_6
          - s_7
          - s_8
          - s_9
          - s_10
          - s_11
          - s_12
          - s_13
          - s_14
          - s_15
          - s_16
          - s_17
          - s_18
          - s_19
          - s_20
          - s_21
        import:
          train_name: train_FD001.txt
          test_name: test_FD001.txt
          rul_name: RUL_FD001.txt
    outs:
    - path: assets/features
      md5: cc5a60cce241b036ab0773df32dd6f57.dir
      size: 2925665
      nfiles: 4
  train:
    cmd: python src/02-train.py
    deps:
    - path: assets/features
      md5: cc5a60cce241b036ab0773df32dd6f57.dir
      size: 2925665
      nfiles: 4
    - path: src/02-train.py
      md5: 358cc1e43378985cfb8de2f3be27e536
      size: 2404
    params:
      params.yaml:
        train:
          model_name: model.joblib
          n_split: 5
    outs:
    - path: assets/models
      md5: dbc73b86bea366569242fe67fb0a02a9.dir
      size: 1472
      nfiles: 1
    - path: assets/val_metrics.json
      md5: 1e96b4572f593ed6f96f4538e9abb09c
      size: 108
  evaluate:
    cmd: python src/03-evaluate.py
    deps:
    - path: assets/features
      md5: cc5a60cce241b036ab0773df32dd6f57.dir
      size: 2925665
      nfiles: 4
    - path: assets/models
      md5: dbc73b86bea366569242fe67fb0a02a9.dir
      size: 1472
      nfiles: 1
    - path: src/03-evaluate.py
      md5: 8c8f8393838e73af2d82f4ef8e0caa74
      size: 767
    outs:
    - path: assets/test_metrics.json
      md5: 9062147e63f36423b536917a9e77d270
      size: 105
